
Microsoft Visual Studio Solution File, Format Version 12.00
# Visual Studio Version 17
VisualStudioVersion = 17.11.34929.205
MinimumVisualStudioVersion = 10.0.40219.1
Project("{FAE04EC0-301F-11D3-BF4B-00C04F79EFBC}") = "b2a.db-tula", "b2a.db-tula\b2a.db-tula.csproj", "{E7DDFA9F-F0FE-457E-8EA3-801C656B010F}"
EndProject
Project("{FAE04EC0-301F-11D3-BF4B-00C04F79EFBC}") = "b2a.db-tula.core", "b2a.db-tula.core\b2a.db-tula.core.csproj", "{AF46CB90-E5E9-4457-B0AF-5D391FE9DB8F}"
EndProject
Project("{FAE04EC0-301F-11D3-BF4B-00C04F79EFBC}") = "b2a.db-tula.cli", "b2a.db-tula.cli\b2a.db-tula.cli.csproj", "{42E3CDCD-DC69-4CD5-97A0-56181A003922}"
EndProject
Project("{FAE04EC0-301F-11D3-BF4B-00C04F79EFBC}") = "B2A.DbTula.Core", "..\B2A.DbTula.Core\B2A.DbTula.Core.csproj", "{A5DB6850-82A2-44DC-BA98-963ABD905EDC}"
EndProject
Project("{FAE04EC0-301F-11D3-BF4B-00C04F79EFBC}") = "B2A.DbTula.Infrastructure.Postgres", "..\B2A.DbTula.Infrastructure.Postgres\B2A.DbTula.Infrastructure.Postgres.csproj", "{44EE9E24-1808-4C23-AB57-E9BDCCFC6B3A}"
EndProject
Project("{FAE04EC0-301F-11D3-BF4B-00C04F79EFBC}") = "B2A.DbTula.Infrastructure.MySql", "..\B2A.DbTula.Infrastructure.MySql\B2A.DbTula.Infrastructure.MySql.csproj", "{CFDDA3DC-68F2-4515-9C62-BD8A46027982}"
EndProject
Project("{FAE04EC0-301F-11D3-BF4B-00C04F79EFBC}") = "B2A.DbTula.Cli", "..\B2A.DbTula.Cli\B2A.DbTula.Cli.csproj", "{2697FF05-4139-4725-BE8B-A6BCF4447D86}"
EndProject
Global
	GlobalSection(SolutionConfigurationPlatforms) = preSolution
		Debug|Any CPU = Debug|Any CPU
		Release|Any CPU = Release|Any CPU
	EndGlobalSection
	GlobalSection(ProjectConfigurationPlatforms) = postSolution
		{E7DDFA9F-F0FE-457E-8EA3-801C656B010F}.Debug|Any CPU.ActiveCfg = Debug|Any CPU
		{E7DDFA9F-F0FE-457E-8EA3-801C656B010F}.Debug|Any CPU.Build.0 = Debug|Any CPU
		{E7DDFA9F-F0FE-457E-8EA3-801C656B010F}.Release|Any CPU.ActiveCfg = Release|Any CPU
		{E7DDFA9F-F0FE-457E-8EA3-801C656B010F}.Release|Any CPU.Build.0 = Release|Any CPU
		{AF46CB90-E5E9-4457-B0AF-5D391FE9DB8F}.Debug|Any CPU.ActiveCfg = Debug|Any CPU
		{AF46CB90-E5E9-4457-B0AF-5D391FE9DB8F}.Debug|Any CPU.Build.0 = Debug|Any CPU
		{AF46CB90-E5E9-4457-B0AF-5D391FE9DB8F}.Release|Any CPU.ActiveCfg = Release|Any CPU
		{AF46CB90-E5E9-4457-B0AF-5D391FE9DB8F}.Release|Any CPU.Build.0 = Release|Any CPU
		{42E3CDCD-DC69-4CD5-97A0-56181A003922}.Debug|Any CPU.ActiveCfg = Debug|Any CPU
		{42E3CDCD-DC69-4CD5-97A0-56181A003922}.Debug|Any CPU.Build.0 = Debug|Any CPU
		{42E3CDCD-DC69-4CD5-97A0-56181A003922}.Release|Any CPU.ActiveCfg = Release|Any CPU
		{42E3CDCD-DC69-4CD5-97A0-56181A003922}.Release|Any CPU.Build.0 = Release|Any CPU
		{A5DB6850-82A2-44DC-BA98-963ABD905EDC}.Debug|Any CPU.ActiveCfg = Debug|Any CPU
		{A5DB6850-82A2-44DC-BA98-963ABD905EDC}.Debug|Any CPU.Build.0 = Debug|Any CPU
		{A5DB6850-82A2-44DC-BA98-963ABD905EDC}.Release|Any CPU.ActiveCfg = Release|Any CPU
		{A5DB6850-82A2-44DC-BA98-963ABD905EDC}.Release|Any CPU.Build.0 = Release|Any CPU
		{44EE9E24-1808-4C23-AB57-E9BDCCFC6B3A}.Debug|Any CPU.ActiveCfg = Debug|Any CPU
		{44EE9E24-1808-4C23-AB57-E9BDCCFC6B3A}.Debug|Any CPU.Build.0 = Debug|Any CPU
		{44EE9E24-1808-4C23-AB57-E9BDCCFC6B3A}.Release|Any CPU.ActiveCfg = Release|Any CPU
		{44EE9E24-1808-4C23-AB57-E9BDCCFC6B3A}.Release|Any CPU.Build.0 = Release|Any CPU
		{CFDDA3DC-68F2-4515-9C62-BD8A46027982}.Debug|Any CPU.ActiveCfg = Debug|Any CPU
		{CFDDA3DC-68F2-4515-9C62-BD8A46027982}.Debug|Any CPU.Build.0 = Debug|Any CPU
		{CFDDA3DC-68F2-4515-9C62-BD8A46027982}.Release|Any CPU.ActiveCfg = Release|Any CPU
		{CFDDA3DC-68F2-4515-9C62-BD8A46027982}.Release|Any CPU.Build.0 = Release|Any CPU
		{2697FF05-4139-4725-BE8B-A6BCF4447D86}.Debug|Any CPU.ActiveCfg = Debug|Any CPU
		{2697FF05-4139-4725-BE8B-A6BCF4447D86}.Debug|Any CPU.Build.0 = Debug|Any CPU
		{2697FF05-4139-4725-BE8B-A6BCF4447D86}.Release|Any CPU.ActiveCfg = Release|Any CPU
		{2697FF05-4139-4725-BE8B-A6BCF4447D86}.Release|Any CPU.Build.0 = Release|Any CPU
	EndGlobalSection
	GlobalSection(SolutionProperties) = preSolution
		HideSolutionNode = FALSE
	EndGlobalSection
	GlobalSection(ExtensibilityGlobals) = postSolution
		SolutionGuid = {DAC84DFA-F09D-4B4D-B25A-B2182E4C7A9C}
	EndGlobalSection
EndGlobal
